{
  "name": "gcp-rdm",
  "version": "0.1.0-rc2",
  "lockfileVersion": 3,
  "requires": true,
  "packages": {
    "": {
      "name": "gcp-rdm",
      "version": "0.1.0-rc2",
      "license": "Apache-2.0",
      "workspaces": [
        "api"
      ]
    },
    "api": {
      "license": "Apache-2.0",
      "workspaces": [
        "common",
        "customer",
        "enums",
        "events",
        "inventory",
        "location",
        "merchandise",
        "party",
        "promotions"
      ]
    },
    "node_modules/api": {
      "resolved": "api",
      "link": true
    }
  }
}
