lockfileVersion: '6.0'

settings:
  autoInstallPeers: true
  excludeLinksFromLockfile: false

importers:

  .: {}

  api: {}

  api/common: {}

  api/customer: {}

  api/enterprise: {}

  api/enums: {}

  api/events: {}

  api/inventory: {}

  api/location: {}

  api/merchandise: {}

  api/party: {}

  api/promotions: {}

  google/api: {}

  google/protobuf: {}
